
Microsoft Visual Studio Solution File, Format Version 12.00
# Visual Studio 2013
Project("{FAE04EC0-301F-11D3-BF4B-00C04F79EFBC}") = "Unity_BoxMan.CSharp.Plugins", "Unity_BoxMan.CSharp.Plugins.csproj", "{0892FF78-6F5D-C864-312E-0959E89D794A}"
EndProject
Project("{FAE04EC0-301F-11D3-BF4B-00C04F79EFBC}") = "Unity_BoxMan.CSharp", "Unity_BoxMan.CSharp.csproj", "{A4613458-39EB-8FBD-3A70-927707B492A7}"
EndProject
Project("{FAE04EC0-301F-11D3-BF4B-00C04F79EFBC}") = "Unity_BoxMan.CSharp.Editor.Plugins", "Unity_BoxMan.CSharp.Editor.Plugins.csproj", "{E8243C7C-C018-E755-3733-55C76AA13A1E}"
EndProject
Global
	GlobalSection(SolutionConfigurationPlatforms) = preSolution
		Debug|Any CPU = Debug|Any CPU
		Release|Any CPU = Release|Any CPU
	EndGlobalSection
	GlobalSection(ProjectConfigurationPlatforms) = postSolution
		{0892FF78-6F5D-C864-312E-0959E89D794A}.Debug|Any CPU.ActiveCfg = Debug|Any CPU
		{0892FF78-6F5D-C864-312E-0959E89D794A}.Debug|Any CPU.Build.0 = Debug|Any CPU
		{0892FF78-6F5D-C864-312E-0959E89D794A}.Release|Any CPU.ActiveCfg = Release|Any CPU
		{0892FF78-6F5D-C864-312E-0959E89D794A}.Release|Any CPU.Build.0 = Release|Any CPU
		{A4613458-39EB-8FBD-3A70-927707B492A7}.Debug|Any CPU.ActiveCfg = Debug|Any CPU
		{A4613458-39EB-8FBD-3A70-927707B492A7}.Debug|Any CPU.Build.0 = Debug|Any CPU
		{A4613458-39EB-8FBD-3A70-927707B492A7}.Release|Any CPU.ActiveCfg = Release|Any CPU
		{A4613458-39EB-8FBD-3A70-927707B492A7}.Release|Any CPU.Build.0 = Release|Any CPU
		{E8243C7C-C018-E755-3733-55C76AA13A1E}.Debug|Any CPU.ActiveCfg = Debug|Any CPU
		{E8243C7C-C018-E755-3733-55C76AA13A1E}.Debug|Any CPU.Build.0 = Debug|Any CPU
		{E8243C7C-C018-E755-3733-55C76AA13A1E}.Release|Any CPU.ActiveCfg = Release|Any CPU
		{E8243C7C-C018-E755-3733-55C76AA13A1E}.Release|Any CPU.Build.0 = Release|Any CPU
	EndGlobalSection
	GlobalSection(SolutionProperties) = preSolution
		HideSolutionNode = FALSE
	EndGlobalSection
EndGlobal
